PODS:
  - esp_blufi (0.0.5):
    - Flutter
  - Flutter (1.0.0)
  - integration_test (0.0.1):
    - Flutter

DEPENDENCIES:
  - esp_blufi (from `.symlinks/plugins/esp_blufi/ios`)
  - Flutter (from `Flutter`)
  - integration_test (from `.symlinks/plugins/integration_test/ios`)

EXTERNAL SOURCES:
  esp_blufi:
    :path: ".symlinks/plugins/esp_blufi/ios"
  Flutter:
    :path: Flutter
  integration_test:
    :path: ".symlinks/plugins/integration_test/ios"

SPEC CHECKSUMS:
  esp_blufi: 88e1a1e9c9081ae599d4b1de4a596ac81652c36e
  Flutter: cabc95a1d2626b1b06e7179b784ebcf0c0cde467
  integration_test: 4a889634ef21a45d28d50d622cf412dc6d9f586e

PODFILE CHECKSUM: a3b6f034f0d79a209652621b979bc9d6707da7a1

COCOAPODS: 1.16.2
